
Microsoft Visual Studio Solution File, Format Version 12.00
Project("{FAE04EC0-301F-11D3-BF4B-00C04F79EFBC}") = "MyNUnit", "MyNUnit\MyNUnit.csproj", "{857935CA-1546-49AC-9243-9BE32162B2BD}"
EndProject
Project("{FAE04EC0-301F-11D3-BF4B-00C04F79EFBC}") = "MyNUnit.SDK", "MyNUnit.SDK\MyNUnit.SDK.csproj", "{AD021CDB-A510-4073-88A7-ABFB5907CBCE}"
EndProject
Global
	GlobalSection(SolutionConfigurationPlatforms) = preSolution
		Debug|Any CPU = Debug|Any CPU
		Release|Any CPU = Release|Any CPU
	EndGlobalSection
	GlobalSection(ProjectConfigurationPlatforms) = postSolution
		{857935CA-1546-49AC-9243-9BE32162B2BD}.Debug|Any CPU.ActiveCfg = Debug|Any CPU
		{857935CA-1546-49AC-9243-9BE32162B2BD}.Debug|Any CPU.Build.0 = Debug|Any CPU
		{857935CA-1546-49AC-9243-9BE32162B2BD}.Release|Any CPU.ActiveCfg = Release|Any CPU
		{857935CA-1546-49AC-9243-9BE32162B2BD}.Release|Any CPU.Build.0 = Release|Any CPU
		{AD021CDB-A510-4073-88A7-ABFB5907CBCE}.Debug|Any CPU.ActiveCfg = Debug|Any CPU
		{AD021CDB-A510-4073-88A7-ABFB5907CBCE}.Debug|Any CPU.Build.0 = Debug|Any CPU
		{AD021CDB-A510-4073-88A7-ABFB5907CBCE}.Release|Any CPU.ActiveCfg = Release|Any CPU
		{AD021CDB-A510-4073-88A7-ABFB5907CBCE}.Release|Any CPU.Build.0 = Release|Any CPU
	EndGlobalSection
EndGlobal
